{
  "name": "sqljs-crash",
  "version": "1.0.0",
  "lockfileVersion": 3,
  "requires": true,
  "packages": {
    "": {
      "name": "sqljs-crash",
      "version": "1.0.0",
      "license": "MIT",
      "dependencies": {
        "sql.js": "^1.10.1"
      }
    },
    "node_modules/sql.js": {
      "version": "1.10.1",
      "resolved": "https://registry.npmjs.org/sql.js/-/sql.js-1.10.1.tgz",
      "integrity": "sha512-fAPNKMWCoHgMIGd5ah5rBMu73iuFGtomayvIEMfRaMdjG5gTEMIDuyXIMWQ7vMlUT7B6cJE5ajXp7HI9y4xorQ=="
    }
  }
}
